
Microsoft Visual Studio Solution File, Format Version 12.00
# Visual Studio Version 17
VisualStudioVersion = 17.14.36327.8 d17.14
MinimumVisualStudioVersion = 10.0.40219.1
Project("{FAE04EC0-301F-11D3-BF4B-00C04F79EFBC}") = "#1", "#1.csproj", "{5FF942F0-7D1E-4F8B-8D6B-32429EC66F8D}"
EndProject
Global
	GlobalSection(SolutionConfigurationPlatforms) = preSolution
		Debug|Any CPU = Debug|Any CPU
		Release|Any CPU = Release|Any CPU
	EndGlobalSection
	GlobalSection(ProjectConfigurationPlatforms) = postSolution
		{5FF942F0-7D1E-4F8B-8D6B-32429EC66F8D}.Debug|Any CPU.ActiveCfg = Debug|Any CPU
		{5FF942F0-7D1E-4F8B-8D6B-32429EC66F8D}.Debug|Any CPU.Build.0 = Debug|Any CPU
		{5FF942F0-7D1E-4F8B-8D6B-32429EC66F8D}.Release|Any CPU.ActiveCfg = Release|Any CPU
		{5FF942F0-7D1E-4F8B-8D6B-32429EC66F8D}.Release|Any CPU.Build.0 = Release|Any CPU
	EndGlobalSection
	GlobalSection(SolutionProperties) = preSolution
		HideSolutionNode = FALSE
	EndGlobalSection
	GlobalSection(ExtensibilityGlobals) = postSolution
		SolutionGuid = {FFA1591F-8899-4E3F-8C4F-88C3BFA3940A}
	EndGlobalSection
EndGlobal
